// !$*UTF8*$!
{
	archiveVersion = 1;
	classes = {
	};
	objectVersion = 56;
	objects = {

/* Begin PBXBuildFile section */
		2212EB23187E985577736147 /* Pods_app_pessoal.framework in Frameworks */ = {isa = PBXBuildFile; fileRef = BC35DB86B84452C30E7F3ED6 /* Pods_app_pessoal.framework */; };
		723B0CFC2C3EE37D0058B45D /* GradientLine.swift in Sources */ = {isa = PBXBuildFile; fileRef = 723B0CFB2C3EE37D0058B45D /* GradientLine.swift */; };
		723B0CFF2C3F25C70058B45D /* HomeView.swift in Sources */ = {isa = PBXBuildFile; fileRef = 723B0CFE2C3F25C70058B45D /* HomeView.swift */; };
		723B0D012C3F25D80058B45D /* HomeViewController.swift in Sources */ = {isa = PBXBuildFile; fileRef = 723B0D002C3F25D80058B45D /* HomeViewController.swift */; };
		723B0D032C3F5D9F0058B45D /* SignInViewController.swift in Sources */ = {isa = PBXBuildFile; fileRef = 723B0D022C3F5D9F0058B45D /* SignInViewController.swift */; };
		723B0D052C3F5EB10058B45D /* AuthCoordinator.swift in Sources */ = {isa = PBXBuildFile; fileRef = 723B0D042C3F5EB10058B45D /* AuthCoordinator.swift */; };
		723B0D072C3F5F5E0058B45D /* SignInView.swift in Sources */ = {isa = PBXBuildFile; fileRef = 723B0D062C3F5F5E0058B45D /* SignInView.swift */; };
		723B0D092C3F657B0058B45D /* AppCoordinator.swift in Sources */ = {isa = PBXBuildFile; fileRef = 723B0D082C3F657B0058B45D /* AppCoordinator.swift */; };
		723B0D5C2C405F240058B45D /* GoogleService-Info.plist in Resources */ = {isa = PBXBuildFile; fileRef = 723B0D5B2C405F240058B45D /* GoogleService-Info.plist */; };
		723B0D5E2C405FF90058B45D /* SignInModel.swift in Sources */ = {isa = PBXBuildFile; fileRef = 723B0D5D2C405FF90058B45D /* SignInModel.swift */; };
		723B0D602C4060E80058B45D /* SignUpModel.swift in Sources */ = {isa = PBXBuildFile; fileRef = 723B0D5F2C4060E80058B45D /* SignUpModel.swift */; };
		723B0D622C4061880058B45D /* SignUpViewModel.swift in Sources */ = {isa = PBXBuildFile; fileRef = 723B0D612C4061880058B45D /* SignUpViewModel.swift */; };
		72DE7E702C32E22200FB642C /* AppDelegate.swift in Sources */ = {isa = PBXBuildFile; fileRef = 72DE7E6F2C32E22200FB642C /* AppDelegate.swift */; };
		72DE7E722C32E22200FB642C /* SceneDelegate.swift in Sources */ = {isa = PBXBuildFile; fileRef = 72DE7E712C32E22200FB642C /* SceneDelegate.swift */; };
		72DE7E742C32E22200FB642C /* ViewController.swift in Sources */ = {isa = PBXBuildFile; fileRef = 72DE7E732C32E22200FB642C /* ViewController.swift */; };
		72DE7E792C32E22500FB642C /* Assets.xcassets in Resources */ = {isa = PBXBuildFile; fileRef = 72DE7E782C32E22500FB642C /* Assets.xcassets */; };
		72DE7E7C2C32E22500FB642C /* Base in Resources */ = {isa = PBXBuildFile; fileRef = 72DE7E7B2C32E22500FB642C /* Base */; };
		72DE7E872C32E22600FB642C /* app_pessoalTests.swift in Sources */ = {isa = PBXBuildFile; fileRef = 72DE7E862C32E22600FB642C /* app_pessoalTests.swift */; };
		72DE7E912C32E22600FB642C /* app_pessoalUITests.swift in Sources */ = {isa = PBXBuildFile; fileRef = 72DE7E902C32E22600FB642C /* app_pessoalUITests.swift */; };
		72DE7E932C32E22600FB642C /* app_pessoalUITestsLaunchTests.swift in Sources */ = {isa = PBXBuildFile; fileRef = 72DE7E922C32E22600FB642C /* app_pessoalUITestsLaunchTests.swift */; };
		72DE7EA12C32F3C200FB642C /* CodeView.swift in Sources */ = {isa = PBXBuildFile; fileRef = 72DE7EA02C32F3C200FB642C /* CodeView.swift */; };
		72DE7EA32C32F3EC00FB642C /* Coordinator.swift in Sources */ = {isa = PBXBuildFile; fileRef = 72DE7EA22C32F3EC00FB642C /* Coordinator.swift */; };
		72DE7EA62C32F41100FB642C /* MainCoordinar.swift in Sources */ = {isa = PBXBuildFile; fileRef = 72DE7EA52C32F41100FB642C /* MainCoordinar.swift */; };
		72DE7EA92C32F43500FB642C /* LoginView.swift in Sources */ = {isa = PBXBuildFile; fileRef = 72DE7EA82C32F43500FB642C /* LoginView.swift */; };
		72DE7EAB2C32F45600FB642C /* LoginViewController.swift in Sources */ = {isa = PBXBuildFile; fileRef = 72DE7EAA2C32F45600FB642C /* LoginViewController.swift */; };
		72DE7EAF2C32F4BE00FB642C /* CButton.swift in Sources */ = {isa = PBXBuildFile; fileRef = 72DE7EAE2C32F4BE00FB642C /* CButton.swift */; };
		72DE7EB22C33232D00FB642C /* CLabel.swift in Sources */ = {isa = PBXBuildFile; fileRef = 72DE7EB12C33232D00FB642C /* CLabel.swift */; };
		72DE7EB62C34746F00FB642C /* CTextField.swift in Sources */ = {isa = PBXBuildFile; fileRef = 72DE7EB52C34746F00FB642C /* CTextField.swift */; };
		72DE7EBB2C34815900FB642C /* StartView.swift in Sources */ = {isa = PBXBuildFile; fileRef = 72DE7EBA2C34815900FB642C /* StartView.swift */; };
		72DE7EBD2C34817000FB642C /* StartViewController.swift in Sources */ = {isa = PBXBuildFile; fileRef = 72DE7EBC2C34817000FB642C /* StartViewController.swift */; };
		72DE7EBF2C34DCB200FB642C /* LargeButton.swift in Sources */ = {isa = PBXBuildFile; fileRef = 72DE7EBE2C34DCB200FB642C /* LargeButton.swift */; };
		A4650888ACE6E6C33A768D2D /* Pods_app_pessoal_app_pessoalUITests.framework in Frameworks */ = {isa = PBXBuildFile; fileRef = 76F615121D3A5B06963D4BA2 /* Pods_app_pessoal_app_pessoalUITests.framework */; };
		E7BD08BC35563636937977A4 /* Pods_app_pessoalTests.framework in Frameworks */ = {isa = PBXBuildFile; fileRef = D83A6ADDB67ABD269C733108 /* Pods_app_pessoalTests.framework */; };
/* End PBXBuildFile section */

/* Begin PBXContainerItemProxy section */
		72DE7E832C32E22600FB642C /* PBXContainerItemProxy */ = {
			isa = PBXContainerItemProxy;
			containerPortal = 72DE7E642C32E22200FB642C /* Project object */;
			proxyType = 1;
			remoteGlobalIDString = 72DE7E6B2C32E22200FB642C;
			remoteInfo = app_pessoal;
		};
		72DE7E8D2C32E22600FB642C /* PBXContainerItemProxy */ = {
			isa = PBXContainerItemProxy;
			containerPortal = 72DE7E642C32E22200FB642C /* Project object */;
			proxyType = 1;
			remoteGlobalIDString = 72DE7E6B2C32E22200FB642C;
			remoteInfo = app_pessoal;
		};
/* End PBXContainerItemProxy section */

/* Begin PBXFileReference section */
		723B0CFB2C3EE37D0058B45D /* GradientLine.swift */ = {isa = PBXFileReference; lastKnownFileType = sourcecode.swift; path = GradientLine.swift; sourceTree = "<group>"; };
		723B0CFE2C3F25C70058B45D /* HomeView.swift */ = {isa = PBXFileReference; lastKnownFileType = sourcecode.swift; path = HomeView.swift; sourceTree = "<group>"; };
		723B0D002C3F25D80058B45D /* HomeViewController.swift */ = {isa = PBXFileReference; lastKnownFileType = sourcecode.swift; path = HomeViewController.swift; sourceTree = "<group>"; };
		723B0D022C3F5D9F0058B45D /* SignInViewController.swift */ = {isa = PBXFileReference; lastKnownFileType = sourcecode.swift; path = SignInViewController.swift; sourceTree = "<group>"; };
		723B0D042C3F5EB10058B45D /* AuthCoordinator.swift */ = {isa = PBXFileReference; lastKnownFileType = sourcecode.swift; path = AuthCoordinator.swift; sourceTree = "<group>"; };
		723B0D062C3F5F5E0058B45D /* SignInView.swift */ = {isa = PBXFileReference; lastKnownFileType = sourcecode.swift; path = SignInView.swift; sourceTree = "<group>"; };
		723B0D082C3F657B0058B45D /* AppCoordinator.swift */ = {isa = PBXFileReference; lastKnownFileType = sourcecode.swift; path = AppCoordinator.swift; sourceTree = "<group>"; };
		723B0D5B2C405F240058B45D /* GoogleService-Info.plist */ = {isa = PBXFileReference; fileEncoding = 4; lastKnownFileType = text.plist.xml; path = "GoogleService-Info.plist"; sourceTree = "<group>"; };
		723B0D5D2C405FF90058B45D /* SignInModel.swift */ = {isa = PBXFileReference; lastKnownFileType = sourcecode.swift; path = SignInModel.swift; sourceTree = "<group>"; };
		723B0D5F2C4060E80058B45D /* SignUpModel.swift */ = {isa = PBXFileReference; lastKnownFileType = sourcecode.swift; path = SignUpModel.swift; sourceTree = "<group>"; };
		723B0D612C4061880058B45D /* SignUpViewModel.swift */ = {isa = PBXFileReference; lastKnownFileType = sourcecode.swift; path = SignUpViewModel.swift; sourceTree = "<group>"; };
		72DE7E6C2C32E22200FB642C /* app_pessoal.app */ = {isa = PBXFileReference; explicitFileType = wrapper.application; includeInIndex = 0; path = app_pessoal.app; sourceTree = BUILT_PRODUCTS_DIR; };
		72DE7E6F2C32E22200FB642C /* AppDelegate.swift */ = {isa = PBXFileReference; lastKnownFileType = sourcecode.swift; path = AppDelegate.swift; sourceTree = "<group>"; };
		72DE7E712C32E22200FB642C /* SceneDelegate.swift */ = {isa = PBXFileReference; lastKnownFileType = sourcecode.swift; path = SceneDelegate.swift; sourceTree = "<group>"; };
		72DE7E732C32E22200FB642C /* ViewController.swift */ = {isa = PBXFileReference; lastKnownFileType = sourcecode.swift; path = ViewController.swift; sourceTree = "<group>"; };
		72DE7E782C32E22500FB642C /* Assets.xcassets */ = {isa = PBXFileReference; lastKnownFileType = folder.assetcatalog; path = Assets.xcassets; sourceTree = "<group>"; };
		72DE7E7B2C32E22500FB642C /* Base */ = {isa = PBXFileReference; lastKnownFileType = file.storyboard; name = Base; path = Base.lproj/LaunchScreen.storyboard; sourceTree = "<group>"; };
		72DE7E7D2C32E22500FB642C /* Info.plist */ = {isa = PBXFileReference; lastKnownFileType = text.plist.xml; path = Info.plist; sourceTree = "<group>"; };
		72DE7E822C32E22600FB642C /* app_pessoalTests.xctest */ = {isa = PBXFileReference; explicitFileType = wrapper.cfbundle; includeInIndex = 0; path = app_pessoalTests.xctest; sourceTree = BUILT_PRODUCTS_DIR; };
		72DE7E862C32E22600FB642C /* app_pessoalTests.swift */ = {isa = PBXFileReference; lastKnownFileType = sourcecode.swift; path = app_pessoalTests.swift; sourceTree = "<group>"; };
		72DE7E8C2C32E22600FB642C /* app_pessoalUITests.xctest */ = {isa = PBXFileReference; explicitFileType = wrapper.cfbundle; includeInIndex = 0; path = app_pessoalUITests.xctest; sourceTree = BUILT_PRODUCTS_DIR; };
		72DE7E902C32E22600FB642C /* app_pessoalUITests.swift */ = {isa = PBXFileReference; lastKnownFileType = sourcecode.swift; path = app_pessoalUITests.swift; sourceTree = "<group>"; };
		72DE7E922C32E22600FB642C /* app_pessoalUITestsLaunchTests.swift */ = {isa = PBXFileReference; lastKnownFileType = sourcecode.swift; path = app_pessoalUITestsLaunchTests.swift; sourceTree = "<group>"; };
		72DE7EA02C32F3C200FB642C /* CodeView.swift */ = {isa = PBXFileReference; lastKnownFileType = sourcecode.swift; path = CodeView.swift; sourceTree = "<group>"; };
		72DE7EA22C32F3EC00FB642C /* Coordinator.swift */ = {isa = PBXFileReference; lastKnownFileType = sourcecode.swift; path = Coordinator.swift; sourceTree = "<group>"; };
		72DE7EA52C32F41100FB642C /* MainCoordinar.swift */ = {isa = PBXFileReference; lastKnownFileType = sourcecode.swift; path = MainCoordinar.swift; sourceTree = "<group>"; };
		72DE7EA82C32F43500FB642C /* LoginView.swift */ = {isa = PBXFileReference; lastKnownFileType = sourcecode.swift; path = LoginView.swift; sourceTree = "<group>"; };
		72DE7EAA2C32F45600FB642C /* LoginViewController.swift */ = {isa = PBXFileReference; lastKnownFileType = sourcecode.swift; path = LoginViewController.swift; sourceTree = "<group>"; };
		72DE7EAE2C32F4BE00FB642C /* CButton.swift */ = {isa = PBXFileReference; lastKnownFileType = sourcecode.swift; path = CButton.swift; sourceTree = "<group>"; };
		72DE7EB12C33232D00FB642C /* CLabel.swift */ = {isa = PBXFileReference; lastKnownFileType = sourcecode.swift; path = CLabel.swift; sourceTree = "<group>"; };
		72DE7EB52C34746F00FB642C /* CTextField.swift */ = {isa = PBXFileReference; lastKnownFileType = sourcecode.swift; path = CTextField.swift; sourceTree = "<group>"; };
		72DE7EBA2C34815900FB642C /* StartView.swift */ = {isa = PBXFileReference; lastKnownFileType = sourcecode.swift; path = StartView.swift; sourceTree = "<group>"; };
		72DE7EBC2C34817000FB642C /* StartViewController.swift */ = {isa = PBXFileReference; lastKnownFileType = sourcecode.swift; path = StartViewController.swift; sourceTree = "<group>"; };
		72DE7EBE2C34DCB200FB642C /* LargeButton.swift */ = {isa = PBXFileReference; lastKnownFileType = sourcecode.swift; path = LargeButton.swift; sourceTree = "<group>"; };
		76F615121D3A5B06963D4BA2 /* Pods_app_pessoal_app_pessoalUITests.framework */ = {isa = PBXFileReference; explicitFileType = wrapper.framework; includeInIndex = 0; path = Pods_app_pessoal_app_pessoalUITests.framework; sourceTree = BUILT_PRODUCTS_DIR; };
		832C16E9E3D33C6524F476D1 /* Pods-app_pessoal.debug.xcconfig */ = {isa = PBXFileReference; includeInIndex = 1; lastKnownFileType = text.xcconfig; name = "Pods-app_pessoal.debug.xcconfig"; path = "Target Support Files/Pods-app_pessoal/Pods-app_pessoal.debug.xcconfig"; sourceTree = "<group>"; };
		A775F475C3AAAFF405BE5C99 /* Pods-app_pessoal.release.xcconfig */ = {isa = PBXFileReference; includeInIndex = 1; lastKnownFileType = text.xcconfig; name = "Pods-app_pessoal.release.xcconfig"; path = "Target Support Files/Pods-app_pessoal/Pods-app_pessoal.release.xcconfig"; sourceTree = "<group>"; };
		AACF84C0C444E7F246933864 /* Pods-app_pessoalTests.debug.xcconfig */ = {isa = PBXFileReference; includeInIndex = 1; lastKnownFileType = text.xcconfig; name = "Pods-app_pessoalTests.debug.xcconfig"; path = "Target Support Files/Pods-app_pessoalTests/Pods-app_pessoalTests.debug.xcconfig"; sourceTree = "<group>"; };
		AADFDCBD2CC2D433F5D73A5F /* Pods-app_pessoal-app_pessoalUITests.debug.xcconfig */ = {isa = PBXFileReference; includeInIndex = 1; lastKnownFileType = text.xcconfig; name = "Pods-app_pessoal-app_pessoalUITests.debug.xcconfig"; path = "Target Support Files/Pods-app_pessoal-app_pessoalUITests/Pods-app_pessoal-app_pessoalUITests.debug.xcconfig"; sourceTree = "<group>"; };
		BC35DB86B84452C30E7F3ED6 /* Pods_app_pessoal.framework */ = {isa = PBXFileReference; explicitFileType = wrapper.framework; includeInIndex = 0; path = Pods_app_pessoal.framework; sourceTree = BUILT_PRODUCTS_DIR; };
		C0292486CE06674F9CFFA97C /* Pods-app_pessoal-app_pessoalUITests.release.xcconfig */ = {isa = PBXFileReference; includeInIndex = 1; lastKnownFileType = text.xcconfig; name = "Pods-app_pessoal-app_pessoalUITests.release.xcconfig"; path = "Target Support Files/Pods-app_pessoal-app_pessoalUITests/Pods-app_pessoal-app_pessoalUITests.release.xcconfig"; sourceTree = "<group>"; };
		D83A6ADDB67ABD269C733108 /* Pods_app_pessoalTests.framework */ = {isa = PBXFileReference; explicitFileType = wrapper.framework; includeInIndex = 0; path = Pods_app_pessoalTests.framework; sourceTree = BUILT_PRODUCTS_DIR; };
		DCB6607C4F9CCA13C352F029 /* Pods-app_pessoalTests.release.xcconfig */ = {isa = PBXFileReference; includeInIndex = 1; lastKnownFileType = text.xcconfig; name = "Pods-app_pessoalTests.release.xcconfig"; path = "Target Support Files/Pods-app_pessoalTests/Pods-app_pessoalTests.release.xcconfig"; sourceTree = "<group>"; };
/* End PBXFileReference section */

/* Begin PBXFrameworksBuildPhase section */
		72DE7E692C32E22200FB642C /* Frameworks */ = {
			isa = PBXFrameworksBuildPhase;
			buildActionMask = 2147483647;
			files = (
				2212EB23187E985577736147 /* Pods_app_pessoal.framework in Frameworks */,
			);
			runOnlyForDeploymentPostprocessing = 0;
		};
		72DE7E7F2C32E22600FB642C /* Frameworks */ = {
			isa = PBXFrameworksBuildPhase;
			buildActionMask = 2147483647;
			files = (
				E7BD08BC35563636937977A4 /* Pods_app_pessoalTests.framework in Frameworks */,
			);
			runOnlyForDeploymentPostprocessing = 0;
		};
		72DE7E892C32E22600FB642C /* Frameworks */ = {
			isa = PBXFrameworksBuildPhase;
			buildActionMask = 2147483647;
			files = (
				A4650888ACE6E6C33A768D2D /* Pods_app_pessoal_app_pessoalUITests.framework in Frameworks */,
			);
			runOnlyForDeploymentPostprocessing = 0;
		};
/* End PBXFrameworksBuildPhase section */

/* Begin PBXGroup section */
		33160C04F144EDE795DA9983 /* Frameworks */ = {
			isa = PBXGroup;
			children = (
				BC35DB86B84452C30E7F3ED6 /* Pods_app_pessoal.framework */,
				76F615121D3A5B06963D4BA2 /* Pods_app_pessoal_app_pessoalUITests.framework */,
				D83A6ADDB67ABD269C733108 /* Pods_app_pessoalTests.framework */,
			);
			name = Frameworks;
			sourceTree = "<group>";
		};
		723B0CFA2C3EE3620058B45D /* Gradient */ = {
			isa = PBXGroup;
			children = (
				723B0CFB2C3EE37D0058B45D /* GradientLine.swift */,
			);
			path = Gradient;
			sourceTree = "<group>";
		};
		723B0CFD2C3F25B70058B45D /* Home */ = {
			isa = PBXGroup;
			children = (
				723B0CFE2C3F25C70058B45D /* HomeView.swift */,
				723B0D002C3F25D80058B45D /* HomeViewController.swift */,
			);
			path = Home;
			sourceTree = "<group>";
		};
		72DE7E632C32E22200FB642C = {
			isa = PBXGroup;
			children = (
				72DE7E6E2C32E22200FB642C /* app_pessoal */,
				72DE7E852C32E22600FB642C /* app_pessoalTests */,
				72DE7E8F2C32E22600FB642C /* app_pessoalUITests */,
				72DE7E6D2C32E22200FB642C /* Products */,
				A3CFA1B2BFFBF7B5E605D728 /* Pods */,
				33160C04F144EDE795DA9983 /* Frameworks */,
			);
			sourceTree = "<group>";
		};
		72DE7E6D2C32E22200FB642C /* Products */ = {
			isa = PBXGroup;
			children = (
				72DE7E6C2C32E22200FB642C /* app_pessoal.app */,
				72DE7E822C32E22600FB642C /* app_pessoalTests.xctest */,
				72DE7E8C2C32E22600FB642C /* app_pessoalUITests.xctest */,
			);
			name = Products;
			sourceTree = "<group>";
		};
		72DE7E6E2C32E22200FB642C /* app_pessoal */ = {
			isa = PBXGroup;
			children = (
				72DE7EAC2C32F4A000FB642C /* Component */,
				723B0CFD2C3F25B70058B45D /* Home */,
				72DE7EA72C32F42500FB642C /* Login */,
				72DE7EA42C32F3FF00FB642C /* Coordinator */,
				72DE7E9F2C32F3B300FB642C /* Protocol */,
				72DE7E6F2C32E22200FB642C /* AppDelegate.swift */,
				72DE7E712C32E22200FB642C /* SceneDelegate.swift */,
				72DE7E732C32E22200FB642C /* ViewController.swift */,
				72DE7E782C32E22500FB642C /* Assets.xcassets */,
				72DE7E7A2C32E22500FB642C /* LaunchScreen.storyboard */,
				72DE7E7D2C32E22500FB642C /* Info.plist */,
				723B0D5B2C405F240058B45D /* GoogleService-Info.plist */,
			);
			path = app_pessoal;
			sourceTree = "<group>";
		};
		72DE7E852C32E22600FB642C /* app_pessoalTests */ = {
			isa = PBXGroup;
			children = (
				72DE7E862C32E22600FB642C /* app_pessoalTests.swift */,
			);
			path = app_pessoalTests;
			sourceTree = "<group>";
		};
		72DE7E8F2C32E22600FB642C /* app_pessoalUITests */ = {
			isa = PBXGroup;
			children = (
				72DE7E902C32E22600FB642C /* app_pessoalUITests.swift */,
				72DE7E922C32E22600FB642C /* app_pessoalUITestsLaunchTests.swift */,
			);
			path = app_pessoalUITests;
			sourceTree = "<group>";
		};
		72DE7E9F2C32F3B300FB642C /* Protocol */ = {
			isa = PBXGroup;
			children = (
				72DE7EA02C32F3C200FB642C /* CodeView.swift */,
			);
			path = Protocol;
			sourceTree = "<group>";
		};
		72DE7EA42C32F3FF00FB642C /* Coordinator */ = {
			isa = PBXGroup;
			children = (
				72DE7EA52C32F41100FB642C /* MainCoordinar.swift */,
				72DE7EA22C32F3EC00FB642C /* Coordinator.swift */,
				723B0D082C3F657B0058B45D /* AppCoordinator.swift */,
			);
			path = Coordinator;
			sourceTree = "<group>";
		};
		72DE7EA72C32F42500FB642C /* Login */ = {
			isa = PBXGroup;
			children = (
				72DE7EB72C3480D000FB642C /* Start */,
				72DE7EB82C3480DF00FB642C /* Signin */,
				72DE7EB92C34811B00FB642C /* Signup */,
				72DE7EA82C32F43500FB642C /* LoginView.swift */,
				72DE7EAA2C32F45600FB642C /* LoginViewController.swift */,
				723B0D042C3F5EB10058B45D /* AuthCoordinator.swift */,
			);
			path = Login;
			sourceTree = "<group>";
		};
		72DE7EAC2C32F4A000FB642C /* Component */ = {
			isa = PBXGroup;
			children = (
				723B0CFA2C3EE3620058B45D /* Gradient */,
				72DE7EB32C34743700FB642C /* TextField */,
				72DE7EB02C3322F500FB642C /* Label */,
				72DE7EAD2C32F4A700FB642C /* Button */,
			);
			path = Component;
			sourceTree = "<group>";
		};
		72DE7EAD2C32F4A700FB642C /* Button */ = {
			isa = PBXGroup;
			children = (
				72DE7EAE2C32F4BE00FB642C /* CButton.swift */,
				72DE7EBE2C34DCB200FB642C /* LargeButton.swift */,
			);
			path = Button;
			sourceTree = "<group>";
		};
		72DE7EB02C3322F500FB642C /* Label */ = {
			isa = PBXGroup;
			children = (
				72DE7EB12C33232D00FB642C /* CLabel.swift */,
			);
			path = Label;
			sourceTree = "<group>";
		};
		72DE7EB32C34743700FB642C /* TextField */ = {
			isa = PBXGroup;
			children = (
				72DE7EB52C34746F00FB642C /* CTextField.swift */,
			);
			path = TextField;
			sourceTree = "<group>";
		};
		72DE7EB72C3480D000FB642C /* Start */ = {
			isa = PBXGroup;
			children = (
				72DE7EBA2C34815900FB642C /* StartView.swift */,
				72DE7EBC2C34817000FB642C /* StartViewController.swift */,
			);
			path = Start;
			sourceTree = "<group>";
		};
		72DE7EB82C3480DF00FB642C /* Signin */ = {
			isa = PBXGroup;
			children = (
				723B0D5D2C405FF90058B45D /* SignInModel.swift */,
				723B0D062C3F5F5E0058B45D /* SignInView.swift */,
				723B0D022C3F5D9F0058B45D /* SignInViewController.swift */,
			);
			path = Signin;
			sourceTree = "<group>";
		};
		72DE7EB92C34811B00FB642C /* Signup */ = {
			isa = PBXGroup;
			children = (
				723B0D5F2C4060E80058B45D /* SignUpModel.swift */,
				723B0D612C4061880058B45D /* SignUpViewModel.swift */,
			);
			path = Signup;
			sourceTree = "<group>";
		};
		A3CFA1B2BFFBF7B5E605D728 /* Pods */ = {
			isa = PBXGroup;
			children = (
				832C16E9E3D33C6524F476D1 /* Pods-app_pessoal.debug.xcconfig */,
				A775F475C3AAAFF405BE5C99 /* Pods-app_pessoal.release.xcconfig */,
				AADFDCBD2CC2D433F5D73A5F /* Pods-app_pessoal-app_pessoalUITests.debug.xcconfig */,
				C0292486CE06674F9CFFA97C /* Pods-app_pessoal-app_pessoalUITests.release.xcconfig */,
				AACF84C0C444E7F246933864 /* Pods-app_pessoalTests.debug.xcconfig */,
				DCB6607C4F9CCA13C352F029 /* Pods-app_pessoalTests.release.xcconfig */,
			);
			path = Pods;
			sourceTree = "<group>";
		};
/* End PBXGroup section */

/* Begin PBXNativeTarget section */
		72DE7E6B2C32E22200FB642C /* app_pessoal */ = {
			isa = PBXNativeTarget;
			buildConfigurationList = 72DE7E962C32E22600FB642C /* Build configuration list for PBXNativeTarget "app_pessoal" */;
			buildPhases = (
				2F6DF78D9B2C3DC6592F7249 /* [CP] Check Pods Manifest.lock */,
				72DE7E682C32E22200FB642C /* Sources */,
				72DE7E692C32E22200FB642C /* Frameworks */,
				72DE7E6A2C32E22200FB642C /* Resources */,
				7C0AF02536D7ED0B837A33F5 /* [CP] Embed Pods Frameworks */,
			);
			buildRules = (
			);
			dependencies = (
			);
			name = app_pessoal;
			productName = app_pessoal;
			productReference = 72DE7E6C2C32E22200FB642C /* app_pessoal.app */;
			productType = "com.apple.product-type.application";
		};
		72DE7E812C32E22600FB642C /* app_pessoalTests */ = {
			isa = PBXNativeTarget;
			buildConfigurationList = 72DE7E992C32E22600FB642C /* Build configuration list for PBXNativeTarget "app_pessoalTests" */;
			buildPhases = (
				85B5865D4F9B9DD29A192843 /* [CP] Check Pods Manifest.lock */,
				72DE7E7E2C32E22600FB642C /* Sources */,
				72DE7E7F2C32E22600FB642C /* Frameworks */,
				72DE7E802C32E22600FB642C /* Resources */,
			);
			buildRules = (
			);
			dependencies = (
				72DE7E842C32E22600FB642C /* PBXTargetDependency */,
			);
			name = app_pessoalTests;
			productName = app_pessoalTests;
			productReference = 72DE7E822C32E22600FB642C /* app_pessoalTests.xctest */;
			productType = "com.apple.product-type.bundle.unit-test";
		};
		72DE7E8B2C32E22600FB642C /* app_pessoalUITests */ = {
			isa = PBXNativeTarget;
			buildConfigurationList = 72DE7E9C2C32E22600FB642C /* Build configuration list for PBXNativeTarget "app_pessoalUITests" */;
			buildPhases = (
				F10CB6C91EB58D79965D3960 /* [CP] Check Pods Manifest.lock */,
				72DE7E882C32E22600FB642C /* Sources */,
				72DE7E892C32E22600FB642C /* Frameworks */,
				72DE7E8A2C32E22600FB642C /* Resources */,
				DEA2894EB2B23CCC8716D8DE /* [CP] Embed Pods Frameworks */,
			);
			buildRules = (
			);
			dependencies = (
				72DE7E8E2C32E22600FB642C /* PBXTargetDependency */,
			);
			name = app_pessoalUITests;
			productName = app_pessoalUITests;
			productReference = 72DE7E8C2C32E22600FB642C /* app_pessoalUITests.xctest */;
			productType = "com.apple.product-type.bundle.ui-testing";
		};
/* End PBXNativeTarget section */

/* Begin PBXProject section */
		72DE7E642C32E22200FB642C /* Project object */ = {
			isa = PBXProject;
			attributes = {
				BuildIndependentTargetsInParallel = 1;
				LastSwiftUpdateCheck = 1540;
				LastUpgradeCheck = 1540;
				TargetAttributes = {
					72DE7E6B2C32E22200FB642C = {
						CreatedOnToolsVersion = 15.4;
					};
					72DE7E812C32E22600FB642C = {
						CreatedOnToolsVersion = 15.4;
						TestTargetID = 72DE7E6B2C32E22200FB642C;
					};
					72DE7E8B2C32E22600FB642C = {
						CreatedOnToolsVersion = 15.4;
						TestTargetID = 72DE7E6B2C32E22200FB642C;
					};
				};
			};
			buildConfigurationList = 72DE7E672C32E22200FB642C /* Build configuration list for PBXProject "app_pessoal" */;
			compatibilityVersion = "Xcode 14.0";
			developmentRegion = en;
			hasScannedForEncodings = 0;
			knownRegions = (
				en,
				Base,
			);
			mainGroup = 72DE7E632C32E22200FB642C;
			productRefGroup = 72DE7E6D2C32E22200FB642C /* Products */;
			projectDirPath = "";
			projectRoot = "";
			targets = (
				72DE7E6B2C32E22200FB642C /* app_pessoal */,
				72DE7E812C32E22600FB642C /* app_pessoalTests */,
				72DE7E8B2C32E22600FB642C /* app_pessoalUITests */,
			);
		};
/* End PBXProject section */

/* Begin PBXResourcesBuildPhase section */
		72DE7E6A2C32E22200FB642C /* Resources */ = {
			isa = PBXResourcesBuildPhase;
			buildActionMask = 2147483647;
			files = (
				72DE7E792C32E22500FB642C /* Assets.xcassets in Resources */,
				72DE7E7C2C32E22500FB642C /* Base in Resources */,
				723B0D5C2C405F240058B45D /* GoogleService-Info.plist in Resources */,
			);
			runOnlyForDeploymentPostprocessing = 0;
		};
		72DE7E802C32E22600FB642C /* Resources */ = {
			isa = PBXResourcesBuildPhase;
			buildActionMask = 2147483647;
			files = (
			);
			runOnlyForDeploymentPostprocessing = 0;
		};
		72DE7E8A2C32E22600FB642C /* Resources */ = {
			isa = PBXResourcesBuildPhase;
			buildActionMask = 2147483647;
			files = (
			);
			runOnlyForDeploymentPostprocessing = 0;
		};
/* End PBXResourcesBuildPhase section */

/* Begin PBXShellScriptBuildPhase section */
		2F6DF78D9B2C3DC6592F7249 /* [CP] Check Pods Manifest.lock */ = {
			isa = PBXShellScriptBuildPhase;
			buildActionMask = 2147483647;
			files = (
			);
			inputFileListPaths = (
			);
			inputPaths = (
				"${PODS_PODFILE_DIR_PATH}/Podfile.lock",
				"${PODS_ROOT}/Manifest.lock",
			);
			name = "[CP] Check Pods Manifest.lock";
			outputFileListPaths = (
			);
			outputPaths = (
				"$(DERIVED_FILE_DIR)/Pods-app_pessoal-checkManifestLockResult.txt",
			);
			runOnlyForDeploymentPostprocessing = 0;
			shellPath = /bin/sh;
			shellScript = "diff \"${PODS_PODFILE_DIR_PATH}/Podfile.lock\" \"${PODS_ROOT}/Manifest.lock\" > /dev/null\nif [ $? != 0 ] ; then\n    # print error to STDERR\n    echo \"error: The sandbox is not in sync with the Podfile.lock. Run 'pod install' or update your CocoaPods installation.\" >&2\n    exit 1\nfi\n# This output is used by Xcode 'outputs' to avoid re-running this script phase.\necho \"SUCCESS\" > \"${SCRIPT_OUTPUT_FILE_0}\"\n";
			showEnvVarsInLog = 0;
		};
		7C0AF02536D7ED0B837A33F5 /* [CP] Embed Pods Frameworks */ = {
			isa = PBXShellScriptBuildPhase;
			buildActionMask = 2147483647;
			files = (
			);
			inputFileListPaths = (
				"${PODS_ROOT}/Target Support Files/Pods-app_pessoal/Pods-app_pessoal-frameworks-${CONFIGURATION}-input-files.xcfilelist",
			);
			name = "[CP] Embed Pods Frameworks";
			outputFileListPaths = (
				"${PODS_ROOT}/Target Support Files/Pods-app_pessoal/Pods-app_pessoal-frameworks-${CONFIGURATION}-output-files.xcfilelist",
			);
			runOnlyForDeploymentPostprocessing = 0;
			shellPath = /bin/sh;
			shellScript = "\"${PODS_ROOT}/Target Support Files/Pods-app_pessoal/Pods-app_pessoal-frameworks.sh\"\n";
			showEnvVarsInLog = 0;
		};
		85B5865D4F9B9DD29A192843 /* [CP] Check Pods Manifest.lock */ = {
			isa = PBXShellScriptBuildPhase;
			buildActionMask = 2147483647;
			files = (
			);
			inputFileListPaths = (
			);
			inputPaths = (
				"${PODS_PODFILE_DIR_PATH}/Podfile.lock",
				"${PODS_ROOT}/Manifest.lock",
			);
			name = "[CP] Check Pods Manifest.lock";
			outputFileListPaths = (
			);
			outputPaths = (
				"$(DERIVED_FILE_DIR)/Pods-app_pessoalTests-checkManifestLockResult.txt",
			);
			runOnlyForDeploymentPostprocessing = 0;
			shellPath = /bin/sh;
			shellScript = "diff \"${PODS_PODFILE_DIR_PATH}/Podfile.lock\" \"${PODS_ROOT}/Manifest.lock\" > /dev/null\nif [ $? != 0 ] ; then\n    # print error to STDERR\n    echo \"error: The sandbox is not in sync with the Podfile.lock. Run 'pod install' or update your CocoaPods installation.\" >&2\n    exit 1\nfi\n# This output is used by Xcode 'outputs' to avoid re-running this script phase.\necho \"SUCCESS\" > \"${SCRIPT_OUTPUT_FILE_0}\"\n";
			showEnvVarsInLog = 0;
		};
		DEA2894EB2B23CCC8716D8DE /* [CP] Embed Pods Frameworks */ = {
			isa = PBXShellScriptBuildPhase;
			buildActionMask = 2147483647;
			files = (
			);
			inputFileListPaths = (
				"${PODS_ROOT}/Target Support Files/Pods-app_pessoal-app_pessoalUITests/Pods-app_pessoal-app_pessoalUITests-frameworks-${CONFIGURATION}-input-files.xcfilelist",
			);
			name = "[CP] Embed Pods Frameworks";
			outputFileListPaths = (
				"${PODS_ROOT}/Target Support Files/Pods-app_pessoal-app_pessoalUITests/Pods-app_pessoal-app_pessoalUITests-frameworks-${CONFIGURATION}-output-files.xcfilelist",
			);
			runOnlyForDeploymentPostprocessing = 0;
			shellPath = /bin/sh;
			shellScript = "\"${PODS_ROOT}/Target Support Files/Pods-app_pessoal-app_pessoalUITests/Pods-app_pessoal-app_pessoalUITests-frameworks.sh\"\n";
			showEnvVarsInLog = 0;
		};
		F10CB6C91EB58D79965D3960 /* [CP] Check Pods Manifest.lock */ = {
			isa = PBXShellScriptBuildPhase;
			buildActionMask = 2147483647;
			files = (
			);
			inputFileListPaths = (
			);
			inputPaths = (
				"${PODS_PODFILE_DIR_PATH}/Podfile.lock",
				"${PODS_ROOT}/Manifest.lock",
			);
			name = "[CP] Check Pods Manifest.lock";
			outputFileListPaths = (
			);
			outputPaths = (
				"$(DERIVED_FILE_DIR)/Pods-app_pessoal-app_pessoalUITests-checkManifestLockResult.txt",
			);
			runOnlyForDeploymentPostprocessing = 0;
			shellPath = /bin/sh;
			shellScript = "diff \"${PODS_PODFILE_DIR_PATH}/Podfile.lock\" \"${PODS_ROOT}/Manifest.lock\" > /dev/null\nif [ $? != 0 ] ; then\n    # print error to STDERR\n    echo \"error: The sandbox is not in sync with the Podfile.lock. Run 'pod install' or update your CocoaPods installation.\" >&2\n    exit 1\nfi\n# This output is used by Xcode 'outputs' to avoid re-running this script phase.\necho \"SUCCESS\" > \"${SCRIPT_OUTPUT_FILE_0}\"\n";
			showEnvVarsInLog = 0;
		};
/* End PBXShellScriptBuildPhase section */

/* Begin PBXSourcesBuildPhase section */
		72DE7E682C32E22200FB642C /* Sources */ = {
			isa = PBXSourcesBuildPhase;
			buildActionMask = 2147483647;
			files = (
				72DE7EB22C33232D00FB642C /* CLabel.swift in Sources */,
				72DE7E742C32E22200FB642C /* ViewController.swift in Sources */,
				723B0D602C4060E80058B45D /* SignUpModel.swift in Sources */,
				72DE7EA92C32F43500FB642C /* LoginView.swift in Sources */,
				723B0D012C3F25D80058B45D /* HomeViewController.swift in Sources */,
				72DE7EBB2C34815900FB642C /* StartView.swift in Sources */,
				72DE7E702C32E22200FB642C /* AppDelegate.swift in Sources */,
				723B0D092C3F657B0058B45D /* AppCoordinator.swift in Sources */,
				72DE7EA62C32F41100FB642C /* MainCoordinar.swift in Sources */,
				72DE7EA32C32F3EC00FB642C /* Coordinator.swift in Sources */,
				723B0D622C4061880058B45D /* SignUpViewModel.swift in Sources */,
				723B0D032C3F5D9F0058B45D /* SignInViewController.swift in Sources */,
				72DE7EAB2C32F45600FB642C /* LoginViewController.swift in Sources */,
				723B0D5E2C405FF90058B45D /* SignInModel.swift in Sources */,
				72DE7EBD2C34817000FB642C /* StartViewController.swift in Sources */,
				72DE7E722C32E22200FB642C /* SceneDelegate.swift in Sources */,
				72DE7EA12C32F3C200FB642C /* CodeView.swift in Sources */,
				723B0D052C3F5EB10058B45D /* AuthCoordinator.swift in Sources */,
				723B0D072C3F5F5E0058B45D /* SignInView.swift in Sources */,
				72DE7EBF2C34DCB200FB642C /* LargeButton.swift in Sources */,
				723B0CFC2C3EE37D0058B45D /* GradientLine.swift in Sources */,
				723B0CFF2C3F25C70058B45D /* HomeView.swift in Sources */,
				72DE7EB62C34746F00FB642C /* CTextField.swift in Sources */,
				72DE7EAF2C32F4BE00FB642C /* CButton.swift in Sources */,
			);
			runOnlyForDeploymentPostprocessing = 0;
		};
		72DE7E7E2C32E22600FB642C /* Sources */ = {
			isa = PBXSourcesBuildPhase;
			buildActionMask = 2147483647;
			files = (
				72DE7E872C32E22600FB642C /* app_pessoalTests.swift in Sources */,
			);
			runOnlyForDeploymentPostprocessing = 0;
		};
		72DE7E882C32E22600FB642C /* Sources */ = {
			isa = PBXSourcesBuildPhase;
			buildActionMask = 2147483647;
			files = (
				72DE7E932C32E22600FB642C /* app_pessoalUITestsLaunchTests.swift in Sources */,
				72DE7E912C32E22600FB642C /* app_pessoalUITests.swift in Sources */,
			);
			runOnlyForDeploymentPostprocessing = 0;
		};
/* End PBXSourcesBuildPhase section */

/* Begin PBXTargetDependency section */
		72DE7E842C32E22600FB642C /* PBXTargetDependency */ = {
			isa = PBXTargetDependency;
			target = 72DE7E6B2C32E22200FB642C /* app_pessoal */;
			targetProxy = 72DE7E832C32E22600FB642C /* PBXContainerItemProxy */;
		};
		72DE7E8E2C32E22600FB642C /* PBXTargetDependency */ = {
			isa = PBXTargetDependency;
			target = 72DE7E6B2C32E22200FB642C /* app_pessoal */;
			targetProxy = 72DE7E8D2C32E22600FB642C /* PBXContainerItemProxy */;
		};
/* End PBXTargetDependency section */

/* Begin PBXVariantGroup section */
		72DE7E7A2C32E22500FB642C /* LaunchScreen.storyboard */ = {
			isa = PBXVariantGroup;
			children = (
				72DE7E7B2C32E22500FB642C /* Base */,
			);
			name = LaunchScreen.storyboard;
			sourceTree = "<group>";
		};
/* End PBXVariantGroup section */

/* Begin XCBuildConfiguration section */
		72DE7E942C32E22600FB642C /* Debug */ = {
			isa = XCBuildConfiguration;
			buildSettings = {
				ALWAYS_SEARCH_USER_PATHS = NO;
				ASSETCATALOG_COMPILER_GENERATE_SWIFT_ASSET_SYMBOL_EXTENSIONS = YES;
				CLANG_ANALYZER_NONNULL = YES;
				CLANG_ANALYZER_NUMBER_OBJECT_CONVERSION = YES_AGGRESSIVE;
				CLANG_CXX_LANGUAGE_STANDARD = "gnu++20";
				CLANG_ENABLE_MODULES = YES;
				CLANG_ENABLE_OBJC_ARC = YES;
				CLANG_ENABLE_OBJC_WEAK = YES;
				CLANG_WARN_BLOCK_CAPTURE_AUTORELEASING = YES;
				CLANG_WARN_BOOL_CONVERSION = YES;
				CLANG_WARN_COMMA = YES;
				CLANG_WARN_CONSTANT_CONVERSION = YES;
				CLANG_WARN_DEPRECATED_OBJC_IMPLEMENTATIONS = YES;
				CLANG_WARN_DIRECT_OBJC_ISA_USAGE = YES_ERROR;
				CLANG_WARN_DOCUMENTATION_COMMENTS = YES;
				CLANG_WARN_EMPTY_BODY = YES;
				CLANG_WARN_ENUM_CONVERSION = YES;
				CLANG_WARN_INFINITE_RECURSION = YES;
				CLANG_WARN_INT_CONVERSION = YES;
				CLANG_WARN_NON_LITERAL_NULL_CONVERSION = YES;
				CLANG_WARN_OBJC_IMPLICIT_RETAIN_SELF = YES;
				CLANG_WARN_OBJC_LITERAL_CONVERSION = YES;
				CLANG_WARN_OBJC_ROOT_CLASS = YES_ERROR;
				CLANG_WARN_QUOTED_INCLUDE_IN_FRAMEWORK_HEADER = YES;
				CLANG_WARN_RANGE_LOOP_ANALYSIS = YES;
				CLANG_WARN_STRICT_PROTOTYPES = YES;
				CLANG_WARN_SUSPICIOUS_MOVE = YES;
				CLANG_WARN_UNGUARDED_AVAILABILITY = YES_AGGRESSIVE;
				CLANG_WARN_UNREACHABLE_CODE = YES;
				CLANG_WARN__DUPLICATE_METHOD_MATCH = YES;
				COPY_PHASE_STRIP = NO;
				DEBUG_INFORMATION_FORMAT = dwarf;
				ENABLE_STRICT_OBJC_MSGSEND = YES;
				ENABLE_TESTABILITY = YES;
				ENABLE_USER_SCRIPT_SANDBOXING = NO;
				GCC_C_LANGUAGE_STANDARD = gnu17;
				GCC_DYNAMIC_NO_PIC = NO;
				GCC_NO_COMMON_BLOCKS = YES;
				GCC_OPTIMIZATION_LEVEL = 0;
				GCC_PREPROCESSOR_DEFINITIONS = (
					"DEBUG=1",
					"$(inherited)",
				);
				GCC_WARN_64_TO_32_BIT_CONVERSION = YES;
				GCC_WARN_ABOUT_RETURN_TYPE = YES_ERROR;
				GCC_WARN_UNDECLARED_SELECTOR = YES;
				GCC_WARN_UNINITIALIZED_AUTOS = YES_AGGRESSIVE;
				GCC_WARN_UNUSED_FUNCTION = YES;
				GCC_WARN_UNUSED_VARIABLE = YES;
				IPHONEOS_DEPLOYMENT_TARGET = 17.5;
				LOCALIZATION_PREFERS_STRING_CATALOGS = YES;
				MTL_ENABLE_DEBUG_INFO = INCLUDE_SOURCE;
				MTL_FAST_MATH = YES;
				ONLY_ACTIVE_ARCH = YES;
				SDKROOT = iphoneos;
				SWIFT_ACTIVE_COMPILATION_CONDITIONS = "DEBUG $(inherited)";
				SWIFT_OPTIMIZATION_LEVEL = "-Onone";
			};
			name = Debug;
		};
		72DE7E952C32E22600FB642C /* Release */ = {
			isa = XCBuildConfiguration;
			buildSettings = {
				ALWAYS_SEARCH_USER_PATHS = NO;
				ASSETCATALOG_COMPILER_GENERATE_SWIFT_ASSET_SYMBOL_EXTENSIONS = YES;
				CLANG_ANALYZER_NONNULL = YES;
				CLANG_ANALYZER_NUMBER_OBJECT_CONVERSION = YES_AGGRESSIVE;
				CLANG_CXX_LANGUAGE_STANDARD = "gnu++20";
				CLANG_ENABLE_MODULES = YES;
				CLANG_ENABLE_OBJC_ARC = YES;
				CLANG_ENABLE_OBJC_WEAK = YES;
				CLANG_WARN_BLOCK_CAPTURE_AUTORELEASING = YES;
				CLANG_WARN_BOOL_CONVERSION = YES;
				CLANG_WARN_COMMA = YES;
				CLANG_WARN_CONSTANT_CONVERSION = YES;
				CLANG_WARN_DEPRECATED_OBJC_IMPLEMENTATIONS = YES;
				CLANG_WARN_DIRECT_OBJC_ISA_USAGE = YES_ERROR;
				CLANG_WARN_DOCUMENTATION_COMMENTS = YES;
				CLANG_WARN_EMPTY_BODY = YES;
				CLANG_WARN_ENUM_CONVERSION = YES;
				CLANG_WARN_INFINITE_RECURSION = YES;
				CLANG_WARN_INT_CONVERSION = YES;
				CLANG_WARN_NON_LITERAL_NULL_CONVERSION = YES;
				CLANG_WARN_OBJC_IMPLICIT_RETAIN_SELF = YES;
				CLANG_WARN_OBJC_LITERAL_CONVERSION = YES;
				CLANG_WARN_OBJC_ROOT_CLASS = YES_ERROR;
				CLANG_WARN_QUOTED_INCLUDE_IN_FRAMEWORK_HEADER = YES;
				CLANG_WARN_RANGE_LOOP_ANALYSIS = YES;
				CLANG_WARN_STRICT_PROTOTYPES = YES;
				CLANG_WARN_SUSPICIOUS_MOVE = YES;
				CLANG_WARN_UNGUARDED_AVAILABILITY = YES_AGGRESSIVE;
				CLANG_WARN_UNREACHABLE_CODE = YES;
				CLANG_WARN__DUPLICATE_METHOD_MATCH = YES;
				COPY_PHASE_STRIP = NO;
				DEBUG_INFORMATION_FORMAT = "dwarf-with-dsym";
				ENABLE_NS_ASSERTIONS = NO;
				ENABLE_STRICT_OBJC_MSGSEND = YES;
				ENABLE_USER_SCRIPT_SANDBOXING = NO;
				GCC_C_LANGUAGE_STANDARD = gnu17;
				GCC_NO_COMMON_BLOCKS = YES;
				GCC_WARN_64_TO_32_BIT_CONVERSION = YES;
				GCC_WARN_ABOUT_RETURN_TYPE = YES_ERROR;
				GCC_WARN_UNDECLARED_SELECTOR = YES;
				GCC_WARN_UNINITIALIZED_AUTOS = YES_AGGRESSIVE;
				GCC_WARN_UNUSED_FUNCTION = YES;
				GCC_WARN_UNUSED_VARIABLE = YES;
				IPHONEOS_DEPLOYMENT_TARGET = 17.5;
				LOCALIZATION_PREFERS_STRING_CATALOGS = YES;
				MTL_ENABLE_DEBUG_INFO = NO;
				MTL_FAST_MATH = YES;
				SDKROOT = iphoneos;
				SWIFT_COMPILATION_MODE = wholemodule;
				VALIDATE_PRODUCT = YES;
			};
			name = Release;
		};
		72DE7E972C32E22600FB642C /* Debug */ = {
			isa = XCBuildConfiguration;
			baseConfigurationReference = 832C16E9E3D33C6524F476D1 /* Pods-app_pessoal.debug.xcconfig */;
			buildSettings = {
				ASSETCATALOG_COMPILER_APPICON_NAME = AppIcon;
				ASSETCATALOG_COMPILER_GLOBAL_ACCENT_COLOR_NAME = AccentColor;
				CODE_SIGN_STYLE = Automatic;
				CURRENT_PROJECT_VERSION = 1;
				DEVELOPMENT_TEAM = X7R6TPSF89;
				GENERATE_INFOPLIST_FILE = YES;
				INFOPLIST_FILE = app_pessoal/Info.plist;
				INFOPLIST_KEY_UIApplicationSupportsIndirectInputEvents = YES;
				INFOPLIST_KEY_UILaunchStoryboardName = LaunchScreen;
				INFOPLIST_KEY_UIMainStoryboardFile = "";
				INFOPLIST_KEY_UISupportedInterfaceOrientations_iPad = "UIInterfaceOrientationPortrait UIInterfaceOrientationPortraitUpsideDown UIInterfaceOrientationLandscapeLeft UIInterfaceOrientationLandscapeRight";
				INFOPLIST_KEY_UISupportedInterfaceOrientations_iPhone = "UIInterfaceOrientationPortrait UIInterfaceOrientationLandscapeLeft UIInterfaceOrientationLandscapeRight";
				LD_RUNPATH_SEARCH_PATHS = (
					"$(inherited)",
					"@executable_path/Frameworks",
				);
				MARKETING_VERSION = 1.0;
				PRODUCT_BUNDLE_IDENTIFIER = "com.uchoas.app-pessoal";
				PRODUCT_NAME = "$(TARGET_NAME)";
				SWIFT_EMIT_LOC_STRINGS = YES;
				SWIFT_VERSION = 5.0;
				TARGETED_DEVICE_FAMILY = "1,2";
			};
			name = Debug;
		};
		72DE7E982C32E22600FB642C /* Release */ = {
			isa = XCBuildConfiguration;
			baseConfigurationReference = A775F475C3AAAFF405BE5C99 /* Pods-app_pessoal.release.xcconfig */;
			buildSettings = {
				ASSETCATALOG_COMPILER_APPICON_NAME = AppIcon;
				ASSETCATALOG_COMPILER_GLOBAL_ACCENT_COLOR_NAME = AccentColor;
				CODE_SIGN_STYLE = Automatic;
				CURRENT_PROJECT_VERSION = 1;
				DEVELOPMENT_TEAM = X7R6TPSF89;
				GENERATE_INFOPLIST_FILE = YES;
				INFOPLIST_FILE = app_pessoal/Info.plist;
				INFOPLIST_KEY_UIApplicationSupportsIndirectInputEvents = YES;
				INFOPLIST_KEY_UILaunchStoryboardName = LaunchScreen;
				INFOPLIST_KEY_UIMainStoryboardFile = "";
				INFOPLIST_KEY_UISupportedInterfaceOrientations_iPad = "UIInterfaceOrientationPortrait UIInterfaceOrientationPortraitUpsideDown UIInterfaceOrientationLandscapeLeft UIInterfaceOrientationLandscapeRight";
				INFOPLIST_KEY_UISupportedInterfaceOrientations_iPhone = "UIInterfaceOrientationPortrait UIInterfaceOrientationLandscapeLeft UIInterfaceOrientationLandscapeRight";
				LD_RUNPATH_SEARCH_PATHS = (
					"$(inherited)",
					"@executable_path/Frameworks",
				);
				MARKETING_VERSION = 1.0;
				PRODUCT_BUNDLE_IDENTIFIER = "com.uchoas.app-pessoal";
				PRODUCT_NAME = "$(TARGET_NAME)";
				SWIFT_EMIT_LOC_STRINGS = YES;
				SWIFT_VERSION = 5.0;
				TARGETED_DEVICE_FAMILY = "1,2";
			};
			name = Release;
		};
		72DE7E9A2C32E22600FB642C /* Debug */ = {
			isa = XCBuildConfiguration;
			baseConfigurationReference = AACF84C0C444E7F246933864 /* Pods-app_pessoalTests.debug.xcconfig */;
			buildSettings = {
				ALWAYS_EMBED_SWIFT_STANDARD_LIBRARIES = YES;
				BUNDLE_LOADER = "$(TEST_HOST)";
				CODE_SIGN_STYLE = Automatic;
				CURRENT_PROJECT_VERSION = 1;
				DEVELOPMENT_TEAM = X7R6TPSF89;
				GENERATE_INFOPLIST_FILE = YES;
				IPHONEOS_DEPLOYMENT_TARGET = 17.5;
				MARKETING_VERSION = 1.0;
				PRODUCT_BUNDLE_IDENTIFIER = "com.uchoas.app-pessoalTests";
				PRODUCT_NAME = "$(TARGET_NAME)";
				SWIFT_EMIT_LOC_STRINGS = NO;
				SWIFT_VERSION = 5.0;
				TARGETED_DEVICE_FAMILY = "1,2";
				TEST_HOST = "$(BUILT_PRODUCTS_DIR)/app_pessoal.app/$(BUNDLE_EXECUTABLE_FOLDER_PATH)/app_pessoal";
			};
			name = Debug;
		};
		72DE7E9B2C32E22600FB642C /* Release */ = {
			isa = XCBuildConfiguration;
			baseConfigurationReference = DCB6607C4F9CCA13C352F029 /* Pods-app_pessoalTests.release.xcconfig */;
			buildSettings = {
				ALWAYS_EMBED_SWIFT_STANDARD_LIBRARIES = YES;
				BUNDLE_LOADER = "$(TEST_HOST)";
				CODE_SIGN_STYLE = Automatic;
				CURRENT_PROJECT_VERSION = 1;
				DEVELOPMENT_TEAM = X7R6TPSF89;
				GENERATE_INFOPLIST_FILE = YES;
				IPHONEOS_DEPLOYMENT_TARGET = 17.5;
				MARKETING_VERSION = 1.0;
				PRODUCT_BUNDLE_IDENTIFIER = "com.uchoas.app-pessoalTests";
				PRODUCT_NAME = "$(TARGET_NAME)";
				SWIFT_EMIT_LOC_STRINGS = NO;
				SWIFT_VERSION = 5.0;
				TARGETED_DEVICE_FAMILY = "1,2";
				TEST_HOST = "$(BUILT_PRODUCTS_DIR)/app_pessoal.app/$(BUNDLE_EXECUTABLE_FOLDER_PATH)/app_pessoal";
			};
			name = Release;
		};
		72DE7E9D2C32E22600FB642C /* Debug */ = {
			isa = XCBuildConfiguration;
			baseConfigurationReference = AADFDCBD2CC2D433F5D73A5F /* Pods-app_pessoal-app_pessoalUITests.debug.xcconfig */;
			buildSettings = {
				ALWAYS_EMBED_SWIFT_STANDARD_LIBRARIES = YES;
				CODE_SIGN_STYLE = Automatic;
				CURRENT_PROJECT_VERSION = 1;
				DEVELOPMENT_TEAM = X7R6TPSF89;
				GENERATE_INFOPLIST_FILE = YES;
				MARKETING_VERSION = 1.0;
				PRODUCT_BUNDLE_IDENTIFIER = "com.uchoas.app-pessoalUITests";
				PRODUCT_NAME = "$(TARGET_NAME)";
				SWIFT_EMIT_LOC_STRINGS = NO;
				SWIFT_VERSION = 5.0;
				TARGETED_DEVICE_FAMILY = "1,2";
				TEST_TARGET_NAME = app_pessoal;
			};
			name = Debug;
		};
		72DE7E9E2C32E22600FB642C /* Release */ = {
			isa = XCBuildConfiguration;
			baseConfigurationReference = C0292486CE06674F9CFFA97C /* Pods-app_pessoal-app_pessoalUITests.release.xcconfig */;
			buildSettings = {
				ALWAYS_EMBED_SWIFT_STANDARD_LIBRARIES = YES;
				CODE_SIGN_STYLE = Automatic;
				CURRENT_PROJECT_VERSION = 1;
				DEVELOPMENT_TEAM = X7R6TPSF89;
				GENERATE_INFOPLIST_FILE = YES;
				MARKETING_VERSION = 1.0;
				PRODUCT_BUNDLE_IDENTIFIER = "com.uchoas.app-pessoalUITests";
				PRODUCT_NAME = "$(TARGET_NAME)";
				SWIFT_EMIT_LOC_STRINGS = NO;
				SWIFT_VERSION = 5.0;
				TARGETED_DEVICE_FAMILY = "1,2";
				TEST_TARGET_NAME = app_pessoal;
			};
			name = Release;
		};
/* End XCBuildConfiguration section */

/* Begin XCConfigurationList section */
		72DE7E672C32E22200FB642C /* Build configuration list for PBXProject "app_pessoal" */ = {
			isa = XCConfigurationList;
			buildConfigurations = (
				72DE7E942C32E22600FB642C /* Debug */,
				72DE7E952C32E22600FB642C /* Release */,
			);
			defaultConfigurationIsVisible = 0;
			defaultConfigurationName = Release;
		};
		72DE7E962C32E22600FB642C /* Build configuration list for PBXNativeTarget "app_pessoal" */ = {
			isa = XCConfigurationList;
			buildConfigurations = (
				72DE7E972C32E22600FB642C /* Debug */,
				72DE7E982C32E22600FB642C /* Release */,
			);
			defaultConfigurationIsVisible = 0;
			defaultConfigurationName = Release;
		};
		72DE7E992C32E22600FB642C /* Build configuration list for PBXNativeTarget "app_pessoalTests" */ = {
			isa = XCConfigurationList;
			buildConfigurations = (
				72DE7E9A2C32E22600FB642C /* Debug */,
				72DE7E9B2C32E22600FB642C /* Release */,
			);
			defaultConfigurationIsVisible = 0;
			defaultConfigurationName = Release;
		};
		72DE7E9C2C32E22600FB642C /* Build configuration list for PBXNativeTarget "app_pessoalUITests" */ = {
			isa = XCConfigurationList;
			buildConfigurations = (
				72DE7E9D2C32E22600FB642C /* Debug */,
				72DE7E9E2C32E22600FB642C /* Release */,
			);
			defaultConfigurationIsVisible = 0;
			defaultConfigurationName = Release;
		};
/* End XCConfigurationList section */
	};
	rootObject = 72DE7E642C32E22200FB642C /* Project object */;
}
